// !$*UTF8*$!
{
	archiveVersion = 1;
	classes = {
	};
	objectVersion = 46;
	objects = {

/* Begin PBXBuildFile section */
		F70D426F1F3481C500350C74 /* AdvertisementPlayView.m in Sources */ = {isa = PBXBuildFile; fileRef = F70D426E1F3481C500350C74 /* AdvertisementPlayView.m */; };
		F719312D1F3ADB06006050A2 /* PagePointAnmiatedView.m in Sources */ = {isa = PBXBuildFile; fileRef = F719312C1F3ADB06006050A2 /* PagePointAnmiatedView.m */; };
		F7AE8EE71F2743D00057DB58 /* RulerCollectionViewCell.m in Sources */ = {isa = PBXBuildFile; fileRef = F7AE8EE61F2743D00057DB58 /* RulerCollectionViewCell.m */; };
		F7AE8EED1F2744410057DB58 /* RulerAutoView.m in Sources */ = {isa = PBXBuildFile; fileRef = F7AE8EEC1F2744410057DB58 /* RulerAutoView.m */; };
		F7D4E79F1F1892770026EA66 /* main.m in Sources */ = {isa = PBXBuildFile; fileRef = F7D4E79E1F1892770026EA66 /* main.m */; };
		F7D4E7A21F1892770026EA66 /* AppDelegate.m in Sources */ = {isa = PBXBuildFile; fileRef = F7D4E7A11F1892770026EA66 /* AppDelegate.m */; };
		F7D4E7A51F1892770026EA66 /* ViewController.m in Sources */ = {isa = PBXBuildFile; fileRef = F7D4E7A41F1892770026EA66 /* ViewController.m */; };
		F7D4E7A81F1892770026EA66 /* Main.storyboard in Resources */ = {isa = PBXBuildFile; fileRef = F7D4E7A61F1892770026EA66 /* Main.storyboard */; };
		F7D4E7AA1F1892770026EA66 /* Assets.xcassets in Resources */ = {isa = PBXBuildFile; fileRef = F7D4E7A91F1892770026EA66 /* Assets.xcassets */; };
		F7D4E7AD1F1892770026EA66 /* LaunchScreen.storyboard in Resources */ = {isa = PBXBuildFile; fileRef = F7D4E7AB1F1892770026EA66 /* LaunchScreen.storyboard */; };
		F7D5B9C71F29CF4100C207F7 /* RulerTimeQuantumModel.m in Sources */ = {isa = PBXBuildFile; fileRef = F7D5B9C61F29CF4100C207F7 /* RulerTimeQuantumModel.m */; };
/* End PBXBuildFile section */

/* Begin PBXFileReference section */
		F70D426D1F3481C500350C74 /* AdvertisementPlayView.h */ = {isa = PBXFileReference; fileEncoding = 4; lastKnownFileType = sourcecode.c.h; path = AdvertisementPlayView.h; sourceTree = "<group>"; };
		F70D426E1F3481C500350C74 /* AdvertisementPlayView.m */ = {isa = PBXFileReference; fileEncoding = 4; lastKnownFileType = sourcecode.c.objc; path = AdvertisementPlayView.m; sourceTree = "<group>"; };
		F719312B1F3ADB06006050A2 /* PagePointAnmiatedView.h */ = {isa = PBXFileReference; fileEncoding = 4; lastKnownFileType = sourcecode.c.h; path = PagePointAnmiatedView.h; sourceTree = "<group>"; };
		F719312C1F3ADB06006050A2 /* PagePointAnmiatedView.m */ = {isa = PBXFileReference; fileEncoding = 4; lastKnownFileType = sourcecode.c.objc; path = PagePointAnmiatedView.m; sourceTree = "<group>"; };
		F7AE8EE51F2743D00057DB58 /* RulerCollectionViewCell.h */ = {isa = PBXFileReference; fileEncoding = 4; lastKnownFileType = sourcecode.c.h; name = RulerCollectionViewCell.h; path = RulerAutoView/RulerCollectionViewCell.h; sourceTree = "<group>"; };
		F7AE8EE61F2743D00057DB58 /* RulerCollectionViewCell.m */ = {isa = PBXFileReference; fileEncoding = 4; lastKnownFileType = sourcecode.c.objc; name = RulerCollectionViewCell.m; path = RulerAutoView/RulerCollectionViewCell.m; sourceTree = "<group>"; };
		F7AE8EEB1F2744410057DB58 /* RulerAutoView.h */ = {isa = PBXFileReference; fileEncoding = 4; lastKnownFileType = sourcecode.c.h; name = RulerAutoView.h; path = RulerAutoView/RulerAutoView.h; sourceTree = "<group>"; };
		F7AE8EEC1F2744410057DB58 /* RulerAutoView.m */ = {isa = PBXFileReference; fileEncoding = 4; lastKnownFileType = sourcecode.c.objc; name = RulerAutoView.m; path = RulerAutoView/RulerAutoView.m; sourceTree = "<group>"; };
		F7D4E79A1F1892770026EA66 /* test.app */ = {isa = PBXFileReference; explicitFileType = wrapper.application; includeInIndex = 0; path = test.app; sourceTree = BUILT_PRODUCTS_DIR; };
		F7D4E79E1F1892770026EA66 /* main.m */ = {isa = PBXFileReference; lastKnownFileType = sourcecode.c.objc; path = main.m; sourceTree = "<group>"; };
		F7D4E7A01F1892770026EA66 /* AppDelegate.h */ = {isa = PBXFileReference; lastKnownFileType = sourcecode.c.h; path = AppDelegate.h; sourceTree = "<group>"; };
		F7D4E7A11F1892770026EA66 /* AppDelegate.m */ = {isa = PBXFileReference; lastKnownFileType = sourcecode.c.objc; path = AppDelegate.m; sourceTree = "<group>"; };
		F7D4E7A31F1892770026EA66 /* ViewController.h */ = {isa = PBXFileReference; lastKnownFileType = sourcecode.c.h; path = ViewController.h; sourceTree = "<group>"; };
		F7D4E7A41F1892770026EA66 /* ViewController.m */ = {isa = PBXFileReference; lastKnownFileType = sourcecode.c.objc; path = ViewController.m; sourceTree = "<group>"; };
		F7D4E7A71F1892770026EA66 /* Base */ = {isa = PBXFileReference; lastKnownFileType = file.storyboard; name = Base; path = Base.lproj/Main.storyboard; sourceTree = "<group>"; };
		F7D4E7A91F1892770026EA66 /* Assets.xcassets */ = {isa = PBXFileReference; lastKnownFileType = folder.assetcatalog; path = Assets.xcassets; sourceTree = "<group>"; };
		F7D4E7AC1F1892770026EA66 /* Base */ = {isa = PBXFileReference; lastKnownFileType = file.storyboard; name = Base; path = Base.lproj/LaunchScreen.storyboard; sourceTree = "<group>"; };
		F7D4E7AE1F1892770026EA66 /* Info.plist */ = {isa = PBXFileReference; lastKnownFileType = text.plist.xml; path = Info.plist; sourceTree = "<group>"; };
		F7D5B9C51F29CF4100C207F7 /* RulerTimeQuantumModel.h */ = {isa = PBXFileReference; fileEncoding = 4; lastKnownFileType = sourcecode.c.h; path = RulerTimeQuantumModel.h; sourceTree = "<group>"; };
		F7D5B9C61F29CF4100C207F7 /* RulerTimeQuantumModel.m */ = {isa = PBXFileReference; fileEncoding = 4; lastKnownFileType = sourcecode.c.objc; path = RulerTimeQuantumModel.m; sourceTree = "<group>"; };
/* End PBXFileReference section */

/* Begin PBXFrameworksBuildPhase section */
		F7D4E7971F1892770026EA66 /* Frameworks */ = {
			isa = PBXFrameworksBuildPhase;
			buildActionMask = 2147483647;
			files = (
			);
			runOnlyForDeploymentPostprocessing = 0;
		};
/* End PBXFrameworksBuildPhase section */

/* Begin PBXGroup section */
		F7AE8EE41F2743BB0057DB58 /* RulerAutoView */ = {
			isa = PBXGroup;
			children = (
				F7AE8EE51F2743D00057DB58 /* RulerCollectionViewCell.h */,
				F7AE8EE61F2743D00057DB58 /* RulerCollectionViewCell.m */,
				F7AE8EEB1F2744410057DB58 /* RulerAutoView.h */,
				F7AE8EEC1F2744410057DB58 /* RulerAutoView.m */,
				F7D5B9C51F29CF4100C207F7 /* RulerTimeQuantumModel.h */,
				F7D5B9C61F29CF4100C207F7 /* RulerTimeQuantumModel.m */,
			);
			name = RulerAutoView;
			sourceTree = "<group>";
		};
		F7D4E7911F1892770026EA66 = {
			isa = PBXGroup;
			children = (
				F7D4E79C1F1892770026EA66 /* test */,
				F7D4E79B1F1892770026EA66 /* Products */,
			);
			sourceTree = "<group>";
		};
		F7D4E79B1F1892770026EA66 /* Products */ = {
			isa = PBXGroup;
			children = (
				F7D4E79A1F1892770026EA66 /* test.app */,
			);
			name = Products;
			sourceTree = "<group>";
		};
		F7D4E79C1F1892770026EA66 /* test */ = {
			isa = PBXGroup;
			children = (
				F7D4E7A01F1892770026EA66 /* AppDelegate.h */,
				F7D4E7A11F1892770026EA66 /* AppDelegate.m */,
				F7D4E7A31F1892770026EA66 /* ViewController.h */,
				F7D4E7A41F1892770026EA66 /* ViewController.m */,
				F719312B1F3ADB06006050A2 /* PagePointAnmiatedView.h */,
				F719312C1F3ADB06006050A2 /* PagePointAnmiatedView.m */,
				F70D426D1F3481C500350C74 /* AdvertisementPlayView.h */,
				F70D426E1F3481C500350C74 /* AdvertisementPlayView.m */,
				F7AE8EE41F2743BB0057DB58 /* RulerAutoView */,
				F7D4E7A61F1892770026EA66 /* Main.storyboard */,
				F7D4E7A91F1892770026EA66 /* Assets.xcassets */,
				F7D4E7AB1F1892770026EA66 /* LaunchScreen.storyboard */,
				F7D4E7AE1F1892770026EA66 /* Info.plist */,
				F7D4E79D1F1892770026EA66 /* Supporting Files */,
			);
			path = test;
			sourceTree = "<group>";
		};
		F7D4E79D1F1892770026EA66 /* Supporting Files */ = {
			isa = PBXGroup;
			children = (
				F7D4E79E1F1892770026EA66 /* main.m */,
			);
			name = "Supporting Files";
			sourceTree = "<group>";
		};
/* End PBXGroup section */

/* Begin PBXNativeTarget section */
		F7D4E7991F1892770026EA66 /* test */ = {
			isa = PBXNativeTarget;
			buildConfigurationList = F7D4E7B11F1892770026EA66 /* Build configuration list for PBXNativeTarget "test" */;
			buildPhases = (
				F7D4E7961F1892770026EA66 /* Sources */,
				F7D4E7971F1892770026EA66 /* Frameworks */,
				F7D4E7981F1892770026EA66 /* Resources */,
			);
			buildRules = (
			);
			dependencies = (
			);
			name = test;
			productName = test;
			productReference = F7D4E79A1F1892770026EA66 /* test.app */;
			productType = "com.apple.product-type.application";
		};
/* End PBXNativeTarget section */

/* Begin PBXProject section */
		F7D4E7921F1892770026EA66 /* Project object */ = {
			isa = PBXProject;
			attributes = {
				LastUpgradeCheck = 0830;
				ORGANIZATIONNAME = xunmei;
				TargetAttributes = {
					F7D4E7991F1892770026EA66 = {
						CreatedOnToolsVersion = 8.3.3;
						DevelopmentTeam = J9K6294B74;
						ProvisioningStyle = Automatic;
					};
				};
			};
			buildConfigurationList = F7D4E7951F1892770026EA66 /* Build configuration list for PBXProject "test" */;
			compatibilityVersion = "Xcode 3.2";
			developmentRegion = English;
			hasScannedForEncodings = 0;
			knownRegions = (
				en,
				Base,
			);
			mainGroup = F7D4E7911F1892770026EA66;
			productRefGroup = F7D4E79B1F1892770026EA66 /* Products */;
			projectDirPath = "";
			projectRoot = "";
			targets = (
				F7D4E7991F1892770026EA66 /* test */,
			);
		};
/* End PBXProject section */

/* Begin PBXResourcesBuildPhase section */
		F7D4E7981F1892770026EA66 /* Resources */ = {
			isa = PBXResourcesBuildPhase;
			buildActionMask = 2147483647;
			files = (
				F7D4E7AD1F1892770026EA66 /* LaunchScreen.storyboard in Resources */,
				F7D4E7AA1F1892770026EA66 /* Assets.xcassets in Resources */,
				F7D4E7A81F1892770026EA66 /* Main.storyboard in Resources */,
			);
			runOnlyForDeploymentPostprocessing = 0;
		};
/* End PBXResourcesBuildPhase section */

/* Begin PBXSourcesBuildPhase section */
		F7D4E7961F1892770026EA66 /* Sources */ = {
			isa = PBXSourcesBuildPhase;
			buildActionMask = 2147483647;
			files = (
				F7D4E7A51F1892770026EA66 /* ViewController.m in Sources */,
				F7D5B9C71F29CF4100C207F7 /* RulerTimeQuantumModel.m in Sources */,
				F7AE8EE71F2743D00057DB58 /* RulerCollectionViewCell.m in Sources */,
				F7D4E7A21F1892770026EA66 /* AppDelegate.m in Sources */,
				F70D426F1F3481C500350C74 /* AdvertisementPlayView.m in Sources */,
				F7D4E79F1F1892770026EA66 /* main.m in Sources */,
				F7AE8EED1F2744410057DB58 /* RulerAutoView.m in Sources */,
				F719312D1F3ADB06006050A2 /* PagePointAnmiatedView.m in Sources */,
			);
			runOnlyForDeploymentPostprocessing = 0;
		};
/* End PBXSourcesBuildPhase section */

/* Begin PBXVariantGroup section */
		F7D4E7A61F1892770026EA66 /* Main.storyboard */ = {
			isa = PBXVariantGroup;
			children = (
				F7D4E7A71F1892770026EA66 /* Base */,
			);
			name = Main.storyboard;
			sourceTree = "<group>";
		};
		F7D4E7AB1F1892770026EA66 /* LaunchScreen.storyboard */ = {
			isa = PBXVariantGroup;
			children = (
				F7D4E7AC1F1892770026EA66 /* Base */,
			);
			name = LaunchScreen.storyboard;
			sourceTree = "<group>";
		};
/* End PBXVariantGroup section */

/* Begin XCBuildConfiguration section */
		F7D4E7AF1F1892770026EA66 /* Debug */ = {
			isa = XCBuildConfiguration;
			buildSettings = {
				ALWAYS_SEARCH_USER_PATHS = NO;
				CLANG_ANALYZER_NONNULL = YES;
				CLANG_ANALYZER_NUMBER_OBJECT_CONVERSION = YES_AGGRESSIVE;
				CLANG_CXX_LANGUAGE_STANDARD = "gnu++0x";
				CLANG_CXX_LIBRARY = "libc++";
				CLANG_ENABLE_MODULES = YES;
				CLANG_ENABLE_OBJC_ARC = YES;
				CLANG_WARN_BOOL_CONVERSION = YES;
				CLANG_WARN_CONSTANT_CONVERSION = YES;
				CLANG_WARN_DIRECT_OBJC_ISA_USAGE = YES_ERROR;
				CLANG_WARN_DOCUMENTATION_COMMENTS = YES;
				CLANG_WARN_EMPTY_BODY = YES;
				CLANG_WARN_ENUM_CONVERSION = YES;
				CLANG_WARN_INFINITE_RECURSION = YES;
				CLANG_WARN_INT_CONVERSION = YES;
				CLANG_WARN_OBJC_ROOT_CLASS = YES_ERROR;
				CLANG_WARN_SUSPICIOUS_MOVE = YES;
				CLANG_WARN_UNREACHABLE_CODE = YES;
				CLANG_WARN__DUPLICATE_METHOD_MATCH = YES;
				"CODE_SIGN_IDENTITY[sdk=iphoneos*]" = "iPhone Developer";
				COPY_PHASE_STRIP = NO;
				DEBUG_INFORMATION_FORMAT = dwarf;
				ENABLE_STRICT_OBJC_MSGSEND = YES;
				ENABLE_TESTABILITY = YES;
				GCC_C_LANGUAGE_STANDARD = gnu99;
				GCC_DYNAMIC_NO_PIC = NO;
				GCC_NO_COMMON_BLOCKS = YES;
				GCC_OPTIMIZATION_LEVEL = 0;
				GCC_PREPROCESSOR_DEFINITIONS = (
					"DEBUG=1",
					"$(inherited)",
				);
				GCC_WARN_64_TO_32_BIT_CONVERSION = YES;
				GCC_WARN_ABOUT_RETURN_TYPE = YES_ERROR;
				GCC_WARN_UNDECLARED_SELECTOR = YES;
				GCC_WARN_UNINITIALIZED_AUTOS = YES_AGGRESSIVE;
				GCC_WARN_UNUSED_FUNCTION = YES;
				GCC_WARN_UNUSED_VARIABLE = YES;
				IPHONEOS_DEPLOYMENT_TARGET = 10.3;
				MTL_ENABLE_DEBUG_INFO = YES;
				ONLY_ACTIVE_ARCH = YES;
				SDKROOT = iphoneos;
				TARGETED_DEVICE_FAMILY = "1,2";
			};
			name = Debug;
		};
		F7D4E7B01F1892770026EA66 /* Release */ = {
			isa = XCBuildConfiguration;
			buildSettings = {
				ALWAYS_SEARCH_USER_PATHS = NO;
				CLANG_ANALYZER_NONNULL = YES;
				CLANG_ANALYZER_NUMBER_OBJECT_CONVERSION = YES_AGGRESSIVE;
				CLANG_CXX_LANGUAGE_STANDARD = "gnu++0x";
				CLANG_CXX_LIBRARY = "libc++";
				CLANG_ENABLE_MODULES = YES;
				CLANG_ENABLE_OBJC_ARC = YES;
				CLANG_WARN_BOOL_CONVERSION = YES;
				CLANG_WARN_CONSTANT_CONVERSION = YES;
				CLANG_WARN_DIRECT_OBJC_ISA_USAGE = YES_ERROR;
				CLANG_WARN_DOCUMENTATION_COMMENTS = YES;
				CLANG_WARN_EMPTY_BODY = YES;
				CLANG_WARN_ENUM_CONVERSION = YES;
				CLANG_WARN_INFINITE_RECURSION = YES;
				CLANG_WARN_INT_CONVERSION = YES;
				CLANG_WARN_OBJC_ROOT_CLASS = YES_ERROR;
				CLANG_WARN_SUSPICIOUS_MOVE = YES;
				CLANG_WARN_UNREACHABLE_CODE = YES;
				CLANG_WARN__DUPLICATE_METHOD_MATCH = YES;
				"CODE_SIGN_IDENTITY[sdk=iphoneos*]" = "iPhone Developer";
				COPY_PHASE_STRIP = NO;
				DEBUG_INFORMATION_FORMAT = "dwarf-with-dsym";
				ENABLE_NS_ASSERTIONS = NO;
				ENABLE_STRICT_OBJC_MSGSEND = YES;
				GCC_C_LANGUAGE_STANDARD = gnu99;
				GCC_NO_COMMON_BLOCKS = YES;
				GCC_WARN_64_TO_32_BIT_CONVERSION = YES;
				GCC_WARN_ABOUT_RETURN_TYPE = YES_ERROR;
				GCC_WARN_UNDECLARED_SELECTOR = YES;
				GCC_WARN_UNINITIALIZED_AUTOS = YES_AGGRESSIVE;
				GCC_WARN_UNUSED_FUNCTION = YES;
				GCC_WARN_UNUSED_VARIABLE = YES;
				IPHONEOS_DEPLOYMENT_TARGET = 10.3;
				MTL_ENABLE_DEBUG_INFO = NO;
				SDKROOT = iphoneos;
				TARGETED_DEVICE_FAMILY = "1,2";
				VALIDATE_PRODUCT = YES;
			};
			name = Release;
		};
		F7D4E7B21F1892770026EA66 /* Debug */ = {
			isa = XCBuildConfiguration;
			buildSettings = {
				ASSETCATALOG_COMPILER_APPICON_NAME = AppIcon;
				DEVELOPMENT_TEAM = J9K6294B74;
				INFOPLIST_FILE = test/Info.plist;
				LD_RUNPATH_SEARCH_PATHS = "$(inherited) @executable_path/Frameworks";
				PRODUCT_BUNDLE_IDENTIFIER = xunmei.test;
				PRODUCT_NAME = "$(TARGET_NAME)";
			};
			name = Debug;
		};
		F7D4E7B31F1892770026EA66 /* Release */ = {
			isa = XCBuildConfiguration;
			buildSettings = {
				ASSETCATALOG_COMPILER_APPICON_NAME = AppIcon;
				DEVELOPMENT_TEAM = J9K6294B74;
				INFOPLIST_FILE = test/Info.plist;
				LD_RUNPATH_SEARCH_PATHS = "$(inherited) @executable_path/Frameworks";
				PRODUCT_BUNDLE_IDENTIFIER = xunmei.test;
				PRODUCT_NAME = "$(TARGET_NAME)";
			};
			name = Release;
		};
/* End XCBuildConfiguration section */

/* Begin XCConfigurationList section */
		F7D4E7951F1892770026EA66 /* Build configuration list for PBXProject "test" */ = {
			isa = XCConfigurationList;
			buildConfigurations = (
				F7D4E7AF1F1892770026EA66 /* Debug */,
				F7D4E7B01F1892770026EA66 /* Release */,
			);
			defaultConfigurationIsVisible = 0;
			defaultConfigurationName = Release;
		};
		F7D4E7B11F1892770026EA66 /* Build configuration list for PBXNativeTarget "test" */ = {
			isa = XCConfigurationList;
			buildConfigurations = (
				F7D4E7B21F1892770026EA66 /* Debug */,
				F7D4E7B31F1892770026EA66 /* Release */,
			);
			defaultConfigurationIsVisible = 0;
			defaultConfigurationName = Release;
		};
/* End XCConfigurationList section */
	};
	rootObject = F7D4E7921F1892770026EA66 /* Project object */;
}
